PODS:
  - Flutter (1.0.0)
  - map_launcher (0.0.1):
    - Flutter

DEPENDENCIES:
  - Flutter (from `Flutter`)
  - map_launcher (from `.symlinks/plugins/map_launcher/ios`)

EXTERNAL SOURCES:
  Flutter:
    :path: Flutter
  map_launcher:
    :path: ".symlinks/plugins/map_launcher/ios"

SPEC CHECKSUMS:
  Flutter: e0871f40cf51350855a761d2e70bf5af5b9b5de7
  map_launcher: 5fde49ac9a52672bf99da746599f507b4490d7b5

PODFILE CHECKSUM: c4c93c5f6502fe2754f48404d3594bf779584011

COCOAPODS: 1.15.2
