PODS:
  - Flutter (1.0.0)
  - map_launcher (0.0.1):
    - Flutter

DEPENDENCIES:
  - Flutter (from `Flutter`)
  - map_launcher (from `.symlinks/plugins/map_launcher/ios`)

EXTERNAL SOURCES:
  Flutter:
    :path: Flutter
  map_launcher:
    :path: ".symlinks/plugins/map_launcher/ios"

SPEC CHECKSUMS:
  Flutter: f04841e97a9d0b0a8025694d0796dd46242b2854
  map_launcher: e325db1261d029ff33e08e03baccffe09593ffea

PODFILE CHECKSUM: ef19549a9bc3046e7bb7d2fab4d021637c0c58a3

COCOAPODS: 1.12.1
