PODS:
  - Flutter (1.0.0)
  - map_launcher (0.0.1):
    - Flutter

DEPENDENCIES:
  - Flutter (from `.symlinks/flutter/ios`)
  - map_launcher (from `.symlinks/plugins/map_launcher/ios`)

EXTERNAL SOURCES:
  Flutter:
    :path: ".symlinks/flutter/ios"
  map_launcher:
    :path: ".symlinks/plugins/map_launcher/ios"

SPEC CHECKSUMS:
  Flutter: 0e3d915762c693b495b44d77113d4970485de6ec
  map_launcher: 5e4c06665ffe38d76c9f5381fc89dfde44b410b3

PODFILE CHECKSUM: 10ae9c18d12c9ffc2275c9a159a3b1e281990db0

COCOAPODS: 1.8.3
